
Microsoft Visual Studio Solution File, Format Version 12.00
# Visual Studio Version 16
VisualStudioVersion = 16.0.30225.117
MinimumVisualStudioVersion = 10.0.40219.1
Project("{FAE04EC0-301F-11D3-BF4B-00C04F79EFBC}") = "Snakegame", "Snakegame.csproj", "{626C5F7D-07C5-4D21-BF8F-82994006D7EE}"
EndProject
Global
	GlobalSection(SolutionConfigurationPlatforms) = preSolution
		Debug|Any CPU = Debug|Any CPU
		Release|Any CPU = Release|Any CPU
	EndGlobalSection
	GlobalSection(ProjectConfigurationPlatforms) = postSolution
		{626C5F7D-07C5-4D21-BF8F-82994006D7EE}.Debug|Any CPU.ActiveCfg = Debug|Any CPU
		{626C5F7D-07C5-4D21-BF8F-82994006D7EE}.Debug|Any CPU.Build.0 = Debug|Any CPU
		{626C5F7D-07C5-4D21-BF8F-82994006D7EE}.Release|Any CPU.ActiveCfg = Release|Any CPU
		{626C5F7D-07C5-4D21-BF8F-82994006D7EE}.Release|Any CPU.Build.0 = Release|Any CPU
	EndGlobalSection
	GlobalSection(SolutionProperties) = preSolution
		HideSolutionNode = FALSE
	EndGlobalSection
	GlobalSection(ExtensibilityGlobals) = postSolution
		SolutionGuid = {A9ACD0AD-4E57-480E-8962-528FFEB2CEAF}
	EndGlobalSection
EndGlobal
